// !$*UTF8*$!
{
	archiveVersion = 1;
	classes = {
	};
	objectVersion = 56;
	objects = {

/* Begin PBXBuildFile section */
		2D1FC0E62A0AA59A007BAF39 /* Workouts.swift in Sources */ = {isa = PBXBuildFile; fileRef = 2D1FC0E52A0AA59A007BAF39 /* Workouts.swift */; };
		2D366BFF2A0A93FD00EEA846 /* GymFitApp.swift in Sources */ = {isa = PBXBuildFile; fileRef = 2D366BFE2A0A93FD00EEA846 /* GymFitApp.swift */; };
		2D366C032A0A93FE00EEA846 /* Assets.xcassets in Resources */ = {isa = PBXBuildFile; fileRef = 2D366C022A0A93FE00EEA846 /* Assets.xcassets */; };
		2D366C072A0A93FE00EEA846 /* Preview Assets.xcassets in Resources */ = {isa = PBXBuildFile; fileRef = 2D366C062A0A93FE00EEA846 /* Preview Assets.xcassets */; };
		2D366C112A0A93FE00EEA846 /* GymFitTests.swift in Sources */ = {isa = PBXBuildFile; fileRef = 2D366C102A0A93FE00EEA846 /* GymFitTests.swift */; };
		2D366C1B2A0A93FE00EEA846 /* GymFitUITests.swift in Sources */ = {isa = PBXBuildFile; fileRef = 2D366C1A2A0A93FE00EEA846 /* GymFitUITests.swift */; };
		2D366C1D2A0A93FE00EEA846 /* GymFitUITestsLaunchTests.swift in Sources */ = {isa = PBXBuildFile; fileRef = 2D366C1C2A0A93FE00EEA846 /* GymFitUITestsLaunchTests.swift */; };
		2D366C2D2A0A948700EEA846 /* HomeView.swift in Sources */ = {isa = PBXBuildFile; fileRef = 2D366C2C2A0A948700EEA846 /* HomeView.swift */; };
/* End PBXBuildFile section */

/* Begin PBXContainerItemProxy section */
		2D366C0D2A0A93FE00EEA846 /* PBXContainerItemProxy */ = {
			isa = PBXContainerItemProxy;
			containerPortal = 2D366BF32A0A93FD00EEA846 /* Project object */;
			proxyType = 1;
			remoteGlobalIDString = 2D366BFA2A0A93FD00EEA846;
			remoteInfo = GymFit;
		};
		2D366C172A0A93FE00EEA846 /* PBXContainerItemProxy */ = {
			isa = PBXContainerItemProxy;
			containerPortal = 2D366BF32A0A93FD00EEA846 /* Project object */;
			proxyType = 1;
			remoteGlobalIDString = 2D366BFA2A0A93FD00EEA846;
			remoteInfo = GymFit;
		};
/* End PBXContainerItemProxy section */

/* Begin PBXFileReference section */
		2D1FC0E52A0AA59A007BAF39 /* Workouts.swift */ = {isa = PBXFileReference; lastKnownFileType = sourcecode.swift; path = Workouts.swift; sourceTree = "<group>"; };
		2D1FC0E72A0B22A1007BAF39 /* Info.plist */ = {isa = PBXFileReference; lastKnownFileType = text.plist; path = Info.plist; sourceTree = "<group>"; };
		2D366BFB2A0A93FD00EEA846 /* GymFit.app */ = {isa = PBXFileReference; explicitFileType = wrapper.application; includeInIndex = 0; path = GymFit.app; sourceTree = BUILT_PRODUCTS_DIR; };
		2D366BFE2A0A93FD00EEA846 /* GymFitApp.swift */ = {isa = PBXFileReference; lastKnownFileType = sourcecode.swift; path = GymFitApp.swift; sourceTree = "<group>"; };
		2D366C022A0A93FE00EEA846 /* Assets.xcassets */ = {isa = PBXFileReference; lastKnownFileType = folder.assetcatalog; path = Assets.xcassets; sourceTree = "<group>"; };
		2D366C042A0A93FE00EEA846 /* GymFit.entitlements */ = {isa = PBXFileReference; lastKnownFileType = text.plist.entitlements; path = GymFit.entitlements; sourceTree = "<group>"; };
		2D366C062A0A93FE00EEA846 /* Preview Assets.xcassets */ = {isa = PBXFileReference; lastKnownFileType = folder.assetcatalog; path = "Preview Assets.xcassets"; sourceTree = "<group>"; };
		2D366C0C2A0A93FE00EEA846 /* GymFitTests.xctest */ = {isa = PBXFileReference; explicitFileType = wrapper.cfbundle; includeInIndex = 0; path = GymFitTests.xctest; sourceTree = BUILT_PRODUCTS_DIR; };
		2D366C102A0A93FE00EEA846 /* GymFitTests.swift */ = {isa = PBXFileReference; lastKnownFileType = sourcecode.swift; path = GymFitTests.swift; sourceTree = "<group>"; };
		2D366C162A0A93FE00EEA846 /* GymFitUITests.xctest */ = {isa = PBXFileReference; explicitFileType = wrapper.cfbundle; includeInIndex = 0; path = GymFitUITests.xctest; sourceTree = BUILT_PRODUCTS_DIR; };
		2D366C1A2A0A93FE00EEA846 /* GymFitUITests.swift */ = {isa = PBXFileReference; lastKnownFileType = sourcecode.swift; path = GymFitUITests.swift; sourceTree = "<group>"; };
		2D366C1C2A0A93FE00EEA846 /* GymFitUITestsLaunchTests.swift */ = {isa = PBXFileReference; lastKnownFileType = sourcecode.swift; path = GymFitUITestsLaunchTests.swift; sourceTree = "<group>"; };
		2D366C2C2A0A948700EEA846 /* HomeView.swift */ = {isa = PBXFileReference; lastKnownFileType = sourcecode.swift; path = HomeView.swift; sourceTree = "<group>"; };
/* End PBXFileReference section */

/* Begin PBXFrameworksBuildPhase section */
		2D366BF82A0A93FD00EEA846 /* Frameworks */ = {
			isa = PBXFrameworksBuildPhase;
			buildActionMask = 2147483647;
			files = (
			);
			runOnlyForDeploymentPostprocessing = 0;
		};
		2D366C092A0A93FE00EEA846 /* Frameworks */ = {
			isa = PBXFrameworksBuildPhase;
			buildActionMask = 2147483647;
			files = (
			);
			runOnlyForDeploymentPostprocessing = 0;
		};
		2D366C132A0A93FE00EEA846 /* Frameworks */ = {
			isa = PBXFrameworksBuildPhase;
			buildActionMask = 2147483647;
			files = (
			);
			runOnlyForDeploymentPostprocessing = 0;
		};
/* End PBXFrameworksBuildPhase section */

/* Begin PBXGroup section */
		2D1FC0E32A0AA568007BAF39 /* Home */ = {
			isa = PBXGroup;
			children = (
				2D366C2C2A0A948700EEA846 /* HomeView.swift */,
			);
			path = Home;
			sourceTree = "<group>";
		};
		2D1FC0E42A0AA572007BAF39 /* Workouts */ = {
			isa = PBXGroup;
			children = (
				2D1FC0E52A0AA59A007BAF39 /* Workouts.swift */,
			);
			path = Workouts;
			sourceTree = "<group>";
		};
		2D366BF22A0A93FD00EEA846 = {
			isa = PBXGroup;
			children = (
				2D366BFD2A0A93FD00EEA846 /* GymFit */,
				2D366C0F2A0A93FE00EEA846 /* GymFitTests */,
				2D366C192A0A93FE00EEA846 /* GymFitUITests */,
				2D366BFC2A0A93FD00EEA846 /* Products */,
			);
			sourceTree = "<group>";
		};
		2D366BFC2A0A93FD00EEA846 /* Products */ = {
			isa = PBXGroup;
			children = (
				2D366BFB2A0A93FD00EEA846 /* GymFit.app */,
				2D366C0C2A0A93FE00EEA846 /* GymFitTests.xctest */,
				2D366C162A0A93FE00EEA846 /* GymFitUITests.xctest */,
			);
			name = Products;
			sourceTree = "<group>";
		};
		2D366BFD2A0A93FD00EEA846 /* GymFit */ = {
			isa = PBXGroup;
			children = (
				2D1FC0E72A0B22A1007BAF39 /* Info.plist */,
				2D366C292A0A943A00EEA846 /* App */,
				2D366C2B2A0A945A00EEA846 /* Core */,
				2D366C022A0A93FE00EEA846 /* Assets.xcassets */,
				2D366C042A0A93FE00EEA846 /* GymFit.entitlements */,
				2D366C052A0A93FE00EEA846 /* Preview Content */,
			);
			path = GymFit;
			sourceTree = "<group>";
		};
		2D366C052A0A93FE00EEA846 /* Preview Content */ = {
			isa = PBXGroup;
			children = (
				2D366C062A0A93FE00EEA846 /* Preview Assets.xcassets */,
			);
			path = "Preview Content";
			sourceTree = "<group>";
		};
		2D366C0F2A0A93FE00EEA846 /* GymFitTests */ = {
			isa = PBXGroup;
			children = (
				2D366C102A0A93FE00EEA846 /* GymFitTests.swift */,
			);
			path = GymFitTests;
			sourceTree = "<group>";
		};
		2D366C192A0A93FE00EEA846 /* GymFitUITests */ = {
			isa = PBXGroup;
			children = (
				2D366C1A2A0A93FE00EEA846 /* GymFitUITests.swift */,
				2D366C1C2A0A93FE00EEA846 /* GymFitUITestsLaunchTests.swift */,
			);
			path = GymFitUITests;
			sourceTree = "<group>";
		};
		2D366C292A0A943A00EEA846 /* App */ = {
			isa = PBXGroup;
			children = (
				2D366BFE2A0A93FD00EEA846 /* GymFitApp.swift */,
			);
			path = App;
			sourceTree = "<group>";
		};
		2D366C2B2A0A945A00EEA846 /* Core */ = {
			isa = PBXGroup;
			children = (
				2D1FC0E42A0AA572007BAF39 /* Workouts */,
				2D1FC0E32A0AA568007BAF39 /* Home */,
			);
			path = Core;
			sourceTree = "<group>";
		};
/* End PBXGroup section */

/* Begin PBXNativeTarget section */
		2D366BFA2A0A93FD00EEA846 /* GymFit */ = {
			isa = PBXNativeTarget;
			buildConfigurationList = 2D366C202A0A93FE00EEA846 /* Build configuration list for PBXNativeTarget "GymFit" */;
			buildPhases = (
				2D366BF72A0A93FD00EEA846 /* Sources */,
				2D366BF82A0A93FD00EEA846 /* Frameworks */,
				2D366BF92A0A93FD00EEA846 /* Resources */,
			);
			buildRules = (
			);
			dependencies = (
			);
			name = GymFit;
			productName = GymFit;
			productReference = 2D366BFB2A0A93FD00EEA846 /* GymFit.app */;
			productType = "com.apple.product-type.application";
		};
		2D366C0B2A0A93FE00EEA846 /* GymFitTests */ = {
			isa = PBXNativeTarget;
			buildConfigurationList = 2D366C232A0A93FE00EEA846 /* Build configuration list for PBXNativeTarget "GymFitTests" */;
			buildPhases = (
				2D366C082A0A93FE00EEA846 /* Sources */,
				2D366C092A0A93FE00EEA846 /* Frameworks */,
				2D366C0A2A0A93FE00EEA846 /* Resources */,
			);
			buildRules = (
			);
			dependencies = (
				2D366C0E2A0A93FE00EEA846 /* PBXTargetDependency */,
			);
			name = GymFitTests;
			productName = GymFitTests;
			productReference = 2D366C0C2A0A93FE00EEA846 /* GymFitTests.xctest */;
			productType = "com.apple.product-type.bundle.unit-test";
		};
		2D366C152A0A93FE00EEA846 /* GymFitUITests */ = {
			isa = PBXNativeTarget;
			buildConfigurationList = 2D366C262A0A93FE00EEA846 /* Build configuration list for PBXNativeTarget "GymFitUITests" */;
			buildPhases = (
				2D366C122A0A93FE00EEA846 /* Sources */,
				2D366C132A0A93FE00EEA846 /* Frameworks */,
				2D366C142A0A93FE00EEA846 /* Resources */,
			);
			buildRules = (
			);
			dependencies = (
				2D366C182A0A93FE00EEA846 /* PBXTargetDependency */,
			);
			name = GymFitUITests;
			productName = GymFitUITests;
			productReference = 2D366C162A0A93FE00EEA846 /* GymFitUITests.xctest */;
			productType = "com.apple.product-type.bundle.ui-testing";
		};
/* End PBXNativeTarget section */

/* Begin PBXProject section */
		2D366BF32A0A93FD00EEA846 /* Project object */ = {
			isa = PBXProject;
			attributes = {
				BuildIndependentTargetsInParallel = 1;
				LastSwiftUpdateCheck = 1430;
				LastUpgradeCheck = 1430;
				TargetAttributes = {
					2D366BFA2A0A93FD00EEA846 = {
						CreatedOnToolsVersion = 14.3;
					};
					2D366C0B2A0A93FE00EEA846 = {
						CreatedOnToolsVersion = 14.3;
						TestTargetID = 2D366BFA2A0A93FD00EEA846;
					};
					2D366C152A0A93FE00EEA846 = {
						CreatedOnToolsVersion = 14.3;
						TestTargetID = 2D366BFA2A0A93FD00EEA846;
					};
				};
			};
			buildConfigurationList = 2D366BF62A0A93FD00EEA846 /* Build configuration list for PBXProject "GymFit" */;
			compatibilityVersion = "Xcode 14.0";
			developmentRegion = en;
			hasScannedForEncodings = 0;
			knownRegions = (
				en,
				Base,
			);
			mainGroup = 2D366BF22A0A93FD00EEA846;
			productRefGroup = 2D366BFC2A0A93FD00EEA846 /* Products */;
			projectDirPath = "";
			projectRoot = "";
			targets = (
				2D366BFA2A0A93FD00EEA846 /* GymFit */,
				2D366C0B2A0A93FE00EEA846 /* GymFitTests */,
				2D366C152A0A93FE00EEA846 /* GymFitUITests */,
			);
		};
/* End PBXProject section */

/* Begin PBXResourcesBuildPhase section */
		2D366BF92A0A93FD00EEA846 /* Resources */ = {
			isa = PBXResourcesBuildPhase;
			buildActionMask = 2147483647;
			files = (
				2D366C072A0A93FE00EEA846 /* Preview Assets.xcassets in Resources */,
				2D366C032A0A93FE00EEA846 /* Assets.xcassets in Resources */,
			);
			runOnlyForDeploymentPostprocessing = 0;
		};
		2D366C0A2A0A93FE00EEA846 /* Resources */ = {
			isa = PBXResourcesBuildPhase;
			buildActionMask = 2147483647;
			files = (
			);
			runOnlyForDeploymentPostprocessing = 0;
		};
		2D366C142A0A93FE00EEA846 /* Resources */ = {
			isa = PBXResourcesBuildPhase;
			buildActionMask = 2147483647;
			files = (
			);
			runOnlyForDeploymentPostprocessing = 0;
		};
/* End PBXResourcesBuildPhase section */

/* Begin PBXSourcesBuildPhase section */
		2D366BF72A0A93FD00EEA846 /* Sources */ = {
			isa = PBXSourcesBuildPhase;
			buildActionMask = 2147483647;
			files = (
				2D366BFF2A0A93FD00EEA846 /* GymFitApp.swift in Sources */,
				2D366C2D2A0A948700EEA846 /* HomeView.swift in Sources */,
				2D1FC0E62A0AA59A007BAF39 /* Workouts.swift in Sources */,
			);
			runOnlyForDeploymentPostprocessing = 0;
		};
		2D366C082A0A93FE00EEA846 /* Sources */ = {
			isa = PBXSourcesBuildPhase;
			buildActionMask = 2147483647;
			files = (
				2D366C112A0A93FE00EEA846 /* GymFitTests.swift in Sources */,
			);
			runOnlyForDeploymentPostprocessing = 0;
		};
		2D366C122A0A93FE00EEA846 /* Sources */ = {
			isa = PBXSourcesBuildPhase;
			buildActionMask = 2147483647;
			files = (
				2D366C1D2A0A93FE00EEA846 /* GymFitUITestsLaunchTests.swift in Sources */,
				2D366C1B2A0A93FE00EEA846 /* GymFitUITests.swift in Sources */,
			);
			runOnlyForDeploymentPostprocessing = 0;
		};
/* End PBXSourcesBuildPhase section */

/* Begin PBXTargetDependency section */
		2D366C0E2A0A93FE00EEA846 /* PBXTargetDependency */ = {
			isa = PBXTargetDependency;
			target = 2D366BFA2A0A93FD00EEA846 /* GymFit */;
			targetProxy = 2D366C0D2A0A93FE00EEA846 /* PBXContainerItemProxy */;
		};
		2D366C182A0A93FE00EEA846 /* PBXTargetDependency */ = {
			isa = PBXTargetDependency;
			target = 2D366BFA2A0A93FD00EEA846 /* GymFit */;
			targetProxy = 2D366C172A0A93FE00EEA846 /* PBXContainerItemProxy */;
		};
/* End PBXTargetDependency section */

/* Begin XCBuildConfiguration section */
		2D366C1E2A0A93FE00EEA846 /* Debug */ = {
			isa = XCBuildConfiguration;
			buildSettings = {
				ALWAYS_SEARCH_USER_PATHS = NO;
				CLANG_ANALYZER_NONNULL = YES;
				CLANG_ANALYZER_NUMBER_OBJECT_CONVERSION = YES_AGGRESSIVE;
				CLANG_CXX_LANGUAGE_STANDARD = "gnu++20";
				CLANG_ENABLE_MODULES = YES;
				CLANG_ENABLE_OBJC_ARC = YES;
				CLANG_ENABLE_OBJC_WEAK = YES;
				CLANG_WARN_BLOCK_CAPTURE_AUTORELEASING = YES;
				CLANG_WARN_BOOL_CONVERSION = YES;
				CLANG_WARN_COMMA = YES;
				CLANG_WARN_CONSTANT_CONVERSION = YES;
				CLANG_WARN_DEPRECATED_OBJC_IMPLEMENTATIONS = YES;
				CLANG_WARN_DIRECT_OBJC_ISA_USAGE = YES_ERROR;
				CLANG_WARN_DOCUMENTATION_COMMENTS = YES;
				CLANG_WARN_EMPTY_BODY = YES;
				CLANG_WARN_ENUM_CONVERSION = YES;
				CLANG_WARN_INFINITE_RECURSION = YES;
				CLANG_WARN_INT_CONVERSION = YES;
				CLANG_WARN_NON_LITERAL_NULL_CONVERSION = YES;
				CLANG_WARN_OBJC_IMPLICIT_RETAIN_SELF = YES;
				CLANG_WARN_OBJC_LITERAL_CONVERSION = YES;
				CLANG_WARN_OBJC_ROOT_CLASS = YES_ERROR;
				CLANG_WARN_QUOTED_INCLUDE_IN_FRAMEWORK_HEADER = YES;
				CLANG_WARN_RANGE_LOOP_ANALYSIS = YES;
				CLANG_WARN_STRICT_PROTOTYPES = YES;
				CLANG_WARN_SUSPICIOUS_MOVE = YES;
				CLANG_WARN_UNGUARDED_AVAILABILITY = YES_AGGRESSIVE;
				CLANG_WARN_UNREACHABLE_CODE = YES;
				CLANG_WARN__DUPLICATE_METHOD_MATCH = YES;
				COPY_PHASE_STRIP = NO;
				DEBUG_INFORMATION_FORMAT = dwarf;
				ENABLE_STRICT_OBJC_MSGSEND = YES;
				ENABLE_TESTABILITY = YES;
				GCC_C_LANGUAGE_STANDARD = gnu11;
				GCC_DYNAMIC_NO_PIC = NO;
				GCC_NO_COMMON_BLOCKS = YES;
				GCC_OPTIMIZATION_LEVEL = 0;
				GCC_PREPROCESSOR_DEFINITIONS = (
					"DEBUG=1",
					"$(inherited)",
				);
				GCC_WARN_64_TO_32_BIT_CONVERSION = YES;
				GCC_WARN_ABOUT_RETURN_TYPE = YES_ERROR;
				GCC_WARN_UNDECLARED_SELECTOR = YES;
				GCC_WARN_UNINITIALIZED_AUTOS = YES_AGGRESSIVE;
				GCC_WARN_UNUSED_FUNCTION = YES;
				GCC_WARN_UNUSED_VARIABLE = YES;
				MTL_ENABLE_DEBUG_INFO = INCLUDE_SOURCE;
				MTL_FAST_MATH = YES;
				ONLY_ACTIVE_ARCH = YES;
				SWIFT_ACTIVE_COMPILATION_CONDITIONS = DEBUG;
				SWIFT_OPTIMIZATION_LEVEL = "-Onone";
			};
			name = Debug;
		};
		2D366C1F2A0A93FE00EEA846 /* Release */ = {
			isa = XCBuildConfiguration;
			buildSettings = {
				ALWAYS_SEARCH_USER_PATHS = NO;
				CLANG_ANALYZER_NONNULL = YES;
				CLANG_ANALYZER_NUMBER_OBJECT_CONVERSION = YES_AGGRESSIVE;
				CLANG_CXX_LANGUAGE_STANDARD = "gnu++20";
				CLANG_ENABLE_MODULES = YES;
				CLANG_ENABLE_OBJC_ARC = YES;
				CLANG_ENABLE_OBJC_WEAK = YES;
				CLANG_WARN_BLOCK_CAPTURE_AUTORELEASING = YES;
				CLANG_WARN_BOOL_CONVERSION = YES;
				CLANG_WARN_COMMA = YES;
				CLANG_WARN_CONSTANT_CONVERSION = YES;
				CLANG_WARN_DEPRECATED_OBJC_IMPLEMENTATIONS = YES;
				CLANG_WARN_DIRECT_OBJC_ISA_USAGE = YES_ERROR;
				CLANG_WARN_DOCUMENTATION_COMMENTS = YES;
				CLANG_WARN_EMPTY_BODY = YES;
				CLANG_WARN_ENUM_CONVERSION = YES;
				CLANG_WARN_INFINITE_RECURSION = YES;
				CLANG_WARN_INT_CONVERSION = YES;
				CLANG_WARN_NON_LITERAL_NULL_CONVERSION = YES;
				CLANG_WARN_OBJC_IMPLICIT_RETAIN_SELF = YES;
				CLANG_WARN_OBJC_LITERAL_CONVERSION = YES;
				CLANG_WARN_OBJC_ROOT_CLASS = YES_ERROR;
				CLANG_WARN_QUOTED_INCLUDE_IN_FRAMEWORK_HEADER = YES;
				CLANG_WARN_RANGE_LOOP_ANALYSIS = YES;
				CLANG_WARN_STRICT_PROTOTYPES = YES;
				CLANG_WARN_SUSPICIOUS_MOVE = YES;
				CLANG_WARN_UNGUARDED_AVAILABILITY = YES_AGGRESSIVE;
				CLANG_WARN_UNREACHABLE_CODE = YES;
				CLANG_WARN__DUPLICATE_METHOD_MATCH = YES;
				COPY_PHASE_STRIP = NO;
				DEBUG_INFORMATION_FORMAT = "dwarf-with-dsym";
				ENABLE_NS_ASSERTIONS = NO;
				ENABLE_STRICT_OBJC_MSGSEND = YES;
				GCC_C_LANGUAGE_STANDARD = gnu11;
				GCC_NO_COMMON_BLOCKS = YES;
				GCC_WARN_64_TO_32_BIT_CONVERSION = YES;
				GCC_WARN_ABOUT_RETURN_TYPE = YES_ERROR;
				GCC_WARN_UNDECLARED_SELECTOR = YES;
				GCC_WARN_UNINITIALIZED_AUTOS = YES_AGGRESSIVE;
				GCC_WARN_UNUSED_FUNCTION = YES;
				GCC_WARN_UNUSED_VARIABLE = YES;
				MTL_ENABLE_DEBUG_INFO = NO;
				MTL_FAST_MATH = YES;
				SWIFT_COMPILATION_MODE = wholemodule;
				SWIFT_OPTIMIZATION_LEVEL = "-O";
			};
			name = Release;
		};
		2D366C212A0A93FE00EEA846 /* Debug */ = {
			isa = XCBuildConfiguration;
			buildSettings = {
				ASSETCATALOG_COMPILER_APPICON_NAME = AppIcon;
				ASSETCATALOG_COMPILER_GLOBAL_ACCENT_COLOR_NAME = AccentColor;
				CODE_SIGN_ENTITLEMENTS = GymFit/GymFit.entitlements;
				CODE_SIGN_STYLE = Automatic;
				CURRENT_PROJECT_VERSION = 1;
				DEVELOPMENT_ASSET_PATHS = "\"GymFit/Preview Content\"";
				ENABLE_PREVIEWS = YES;
				GENERATE_INFOPLIST_FILE = YES;
				INFOPLIST_FILE = GymFit/Info.plist;
				"INFOPLIST_KEY_UIApplicationSceneManifest_Generation[sdk=iphoneos*]" = YES;
				"INFOPLIST_KEY_UIApplicationSceneManifest_Generation[sdk=iphonesimulator*]" = YES;
				"INFOPLIST_KEY_UIApplicationSupportsIndirectInputEvents[sdk=iphoneos*]" = YES;
				"INFOPLIST_KEY_UIApplicationSupportsIndirectInputEvents[sdk=iphonesimulator*]" = YES;
				"INFOPLIST_KEY_UILaunchScreen_Generation[sdk=iphoneos*]" = YES;
				"INFOPLIST_KEY_UILaunchScreen_Generation[sdk=iphonesimulator*]" = YES;
				"INFOPLIST_KEY_UIStatusBarStyle[sdk=iphoneos*]" = UIStatusBarStyleDefault;
				"INFOPLIST_KEY_UIStatusBarStyle[sdk=iphonesimulator*]" = UIStatusBarStyleDefault;
				INFOPLIST_KEY_UISupportedInterfaceOrientations_iPad = "UIInterfaceOrientationPortrait UIInterfaceOrientationPortraitUpsideDown UIInterfaceOrientationLandscapeLeft UIInterfaceOrientationLandscapeRight";
				INFOPLIST_KEY_UISupportedInterfaceOrientations_iPhone = "UIInterfaceOrientationPortrait UIInterfaceOrientationLandscapeLeft UIInterfaceOrientationLandscapeRight";
				IPHONEOS_DEPLOYMENT_TARGET = 16.4;
				LD_RUNPATH_SEARCH_PATHS = "@executable_path/Frameworks";
				"LD_RUNPATH_SEARCH_PATHS[sdk=macosx*]" = "@executable_path/../Frameworks";
				MACOSX_DEPLOYMENT_TARGET = 13.3;
				MARKETING_VERSION = 1.0;
				PRODUCT_BUNDLE_IDENTIFIER = Andrei.GymFit;
				PRODUCT_NAME = "$(TARGET_NAME)";
				SDKROOT = auto;
				SUPPORTED_PLATFORMS = "iphoneos iphonesimulator macosx";
				SWIFT_EMIT_LOC_STRINGS = YES;
				SWIFT_VERSION = 5.0;
				TARGETED_DEVICE_FAMILY = "1,2";
			};
			name = Debug;
		};
		2D366C222A0A93FE00EEA846 /* Release */ = {
			isa = XCBuildConfiguration;
			buildSettings = {
				ASSETCATALOG_COMPILER_APPICON_NAME = AppIcon;
				ASSETCATALOG_COMPILER_GLOBAL_ACCENT_COLOR_NAME = AccentColor;
				CODE_SIGN_ENTITLEMENTS = GymFit/GymFit.entitlements;
				CODE_SIGN_STYLE = Automatic;
				CURRENT_PROJECT_VERSION = 1;
				DEVELOPMENT_ASSET_PATHS = "\"GymFit/Preview Content\"";
				ENABLE_PREVIEWS = YES;
				GENERATE_INFOPLIST_FILE = YES;
				INFOPLIST_FILE = GymFit/Info.plist;
				"INFOPLIST_KEY_UIApplicationSceneManifest_Generation[sdk=iphoneos*]" = YES;
				"INFOPLIST_KEY_UIApplicationSceneManifest_Generation[sdk=iphonesimulator*]" = YES;
				"INFOPLIST_KEY_UIApplicationSupportsIndirectInputEvents[sdk=iphoneos*]" = YES;
				"INFOPLIST_KEY_UIApplicationSupportsIndirectInputEvents[sdk=iphonesimulator*]" = YES;
				"INFOPLIST_KEY_UILaunchScreen_Generation[sdk=iphoneos*]" = YES;
				"INFOPLIST_KEY_UILaunchScreen_Generation[sdk=iphonesimulator*]" = YES;
				"INFOPLIST_KEY_UIStatusBarStyle[sdk=iphoneos*]" = UIStatusBarStyleDefault;
				"INFOPLIST_KEY_UIStatusBarStyle[sdk=iphonesimulator*]" = UIStatusBarStyleDefault;
				INFOPLIST_KEY_UISupportedInterfaceOrientations_iPad = "UIInterfaceOrientationPortrait UIInterfaceOrientationPortraitUpsideDown UIInterfaceOrientationLandscapeLeft UIInterfaceOrientationLandscapeRight";
				INFOPLIST_KEY_UISupportedInterfaceOrientations_iPhone = "UIInterfaceOrientationPortrait UIInterfaceOrientationLandscapeLeft UIInterfaceOrientationLandscapeRight";
				IPHONEOS_DEPLOYMENT_TARGET = 16.4;
				LD_RUNPATH_SEARCH_PATHS = "@executable_path/Frameworks";
				"LD_RUNPATH_SEARCH_PATHS[sdk=macosx*]" = "@executable_path/../Frameworks";
				MACOSX_DEPLOYMENT_TARGET = 13.3;
				MARKETING_VERSION = 1.0;
				PRODUCT_BUNDLE_IDENTIFIER = Andrei.GymFit;
				PRODUCT_NAME = "$(TARGET_NAME)";
				SDKROOT = auto;
				SUPPORTED_PLATFORMS = "iphoneos iphonesimulator macosx";
				SWIFT_EMIT_LOC_STRINGS = YES;
				SWIFT_VERSION = 5.0;
				TARGETED_DEVICE_FAMILY = "1,2";
			};
			name = Release;
		};
		2D366C242A0A93FE00EEA846 /* Debug */ = {
			isa = XCBuildConfiguration;
			buildSettings = {
				ALWAYS_EMBED_SWIFT_STANDARD_LIBRARIES = YES;
				BUNDLE_LOADER = "$(TEST_HOST)";
				CODE_SIGN_STYLE = Automatic;
				CURRENT_PROJECT_VERSION = 1;
				GENERATE_INFOPLIST_FILE = YES;
				IPHONEOS_DEPLOYMENT_TARGET = 16.4;
				MACOSX_DEPLOYMENT_TARGET = 13.3;
				MARKETING_VERSION = 1.0;
				PRODUCT_BUNDLE_IDENTIFIER = Andrei.GymFitTests;
				PRODUCT_NAME = "$(TARGET_NAME)";
				SDKROOT = auto;
				SUPPORTED_PLATFORMS = "iphoneos iphonesimulator macosx";
				SWIFT_EMIT_LOC_STRINGS = NO;
				SWIFT_VERSION = 5.0;
				TARGETED_DEVICE_FAMILY = "1,2";
				TEST_HOST = "$(BUILT_PRODUCTS_DIR)/GymFit.app/$(BUNDLE_EXECUTABLE_FOLDER_PATH)/GymFit";
			};
			name = Debug;
		};
		2D366C252A0A93FE00EEA846 /* Release */ = {
			isa = XCBuildConfiguration;
			buildSettings = {
				ALWAYS_EMBED_SWIFT_STANDARD_LIBRARIES = YES;
				BUNDLE_LOADER = "$(TEST_HOST)";
				CODE_SIGN_STYLE = Automatic;
				CURRENT_PROJECT_VERSION = 1;
				GENERATE_INFOPLIST_FILE = YES;
				IPHONEOS_DEPLOYMENT_TARGET = 16.4;
				MACOSX_DEPLOYMENT_TARGET = 13.3;
				MARKETING_VERSION = 1.0;
				PRODUCT_BUNDLE_IDENTIFIER = Andrei.GymFitTests;
				PRODUCT_NAME = "$(TARGET_NAME)";
				SDKROOT = auto;
				SUPPORTED_PLATFORMS = "iphoneos iphonesimulator macosx";
				SWIFT_EMIT_LOC_STRINGS = NO;
				SWIFT_VERSION = 5.0;
				TARGETED_DEVICE_FAMILY = "1,2";
				TEST_HOST = "$(BUILT_PRODUCTS_DIR)/GymFit.app/$(BUNDLE_EXECUTABLE_FOLDER_PATH)/GymFit";
			};
			name = Release;
		};
		2D366C272A0A93FE00EEA846 /* Debug */ = {
			isa = XCBuildConfiguration;
			buildSettings = {
				ALWAYS_EMBED_SWIFT_STANDARD_LIBRARIES = YES;
				CODE_SIGN_STYLE = Automatic;
				CURRENT_PROJECT_VERSION = 1;
				GENERATE_INFOPLIST_FILE = YES;
				IPHONEOS_DEPLOYMENT_TARGET = 16.4;
				MACOSX_DEPLOYMENT_TARGET = 13.3;
				MARKETING_VERSION = 1.0;
				PRODUCT_BUNDLE_IDENTIFIER = Andrei.GymFitUITests;
				PRODUCT_NAME = "$(TARGET_NAME)";
				SDKROOT = auto;
				SUPPORTED_PLATFORMS = "iphoneos iphonesimulator macosx";
				SWIFT_EMIT_LOC_STRINGS = NO;
				SWIFT_VERSION = 5.0;
				TARGETED_DEVICE_FAMILY = "1,2";
				TEST_TARGET_NAME = GymFit;
			};
			name = Debug;
		};
		2D366C282A0A93FE00EEA846 /* Release */ = {
			isa = XCBuildConfiguration;
			buildSettings = {
				ALWAYS_EMBED_SWIFT_STANDARD_LIBRARIES = YES;
				CODE_SIGN_STYLE = Automatic;
				CURRENT_PROJECT_VERSION = 1;
				GENERATE_INFOPLIST_FILE = YES;
				IPHONEOS_DEPLOYMENT_TARGET = 16.4;
				MACOSX_DEPLOYMENT_TARGET = 13.3;
				MARKETING_VERSION = 1.0;
				PRODUCT_BUNDLE_IDENTIFIER = Andrei.GymFitUITests;
				PRODUCT_NAME = "$(TARGET_NAME)";
				SDKROOT = auto;
				SUPPORTED_PLATFORMS = "iphoneos iphonesimulator macosx";
				SWIFT_EMIT_LOC_STRINGS = NO;
				SWIFT_VERSION = 5.0;
				TARGETED_DEVICE_FAMILY = "1,2";
				TEST_TARGET_NAME = GymFit;
			};
			name = Release;
		};
/* End XCBuildConfiguration section */

/* Begin XCConfigurationList section */
		2D366BF62A0A93FD00EEA846 /* Build configuration list for PBXProject "GymFit" */ = {
			isa = XCConfigurationList;
			buildConfigurations = (
				2D366C1E2A0A93FE00EEA846 /* Debug */,
				2D366C1F2A0A93FE00EEA846 /* Release */,
			);
			defaultConfigurationIsVisible = 0;
			defaultConfigurationName = Release;
		};
		2D366C202A0A93FE00EEA846 /* Build configuration list for PBXNativeTarget "GymFit" */ = {
			isa = XCConfigurationList;
			buildConfigurations = (
				2D366C212A0A93FE00EEA846 /* Debug */,
				2D366C222A0A93FE00EEA846 /* Release */,
			);
			defaultConfigurationIsVisible = 0;
			defaultConfigurationName = Release;
		};
		2D366C232A0A93FE00EEA846 /* Build configuration list for PBXNativeTarget "GymFitTests" */ = {
			isa = XCConfigurationList;
			buildConfigurations = (
				2D366C242A0A93FE00EEA846 /* Debug */,
				2D366C252A0A93FE00EEA846 /* Release */,
			);
			defaultConfigurationIsVisible = 0;
			defaultConfigurationName = Release;
		};
		2D366C262A0A93FE00EEA846 /* Build configuration list for PBXNativeTarget "GymFitUITests" */ = {
			isa = XCConfigurationList;
			buildConfigurations = (
				2D366C272A0A93FE00EEA846 /* Debug */,
				2D366C282A0A93FE00EEA846 /* Release */,
			);
			defaultConfigurationIsVisible = 0;
			defaultConfigurationName = Release;
		};
/* End XCConfigurationList section */
	};
	rootObject = 2D366BF32A0A93FD00EEA846 /* Project object */;
}
